github.com/lemuzhi/zinx v0.0.0-20221020125839-7e82e0890785 h1:LANpWtfCjSjAdGbPGEFbbn5k+k5Nq85I17lZjrrKZAM=
github.com/lemuzhi/zinx v0.0.0-20221020125839-7e82e0890785/go.mod h1:Zz4IqffrLyszONQWqkPPzDJE7E+Uj3Rni2DkK/Hc/ZA=
github.com/lemuzhi/zinx v0.0.1 h1:S98XvUopN7ywk8FN7N/603El0/FlBQMTDOAXEkdqGRk=
github.com/lemuzhi/zinx v0.0.1/go.mod h1:Zz4IqffrLyszONQWqkPPzDJE7E+Uj3Rni2DkK/Hc/ZA=
github.com/lemuzhi/zinx v0.0.11 h1:SRWNrtc3SrMDnxe7Z4gRPVuO2VOzUhmIMlfO8qFPy7w=
github.com/lemuzhi/zinx v0.0.11/go.mod h1:Zz4IqffrLyszONQWqkPPzDJE7E+Uj3Rni2DkK/Hc/ZA=
github.com/lemuzhi/zinx v0.0.12 h1:RtORTAAjcEGCoGsHkn170UkKUMtkl3CsAB6ZGl7mBuI=
github.com/lemuzhi/zinx v0.0.12/go.mod h1:Zz4IqffrLyszONQWqkPPzDJE7E+Uj3Rni2DkK/Hc/ZA=
github.com/lemuzhi/zinx v0.0.13 h1:sgMxfxoROvZ5rS4W3umd7q3hkjK1Eho86/IdYZCrp5o=
github.com/lemuzhi/zinx v0.0.13/go.mod h1:Zz4IqffrLyszONQWqkPPzDJE7E+Uj3Rni2DkK/Hc/ZA=
github.com/lemuzhi/zinx v0.0.14 h1:Rufqpci3BbnCksRiJM/tEXFaDLA+MDkPuCqFpUsrGUE=
github.com/lemuzhi/zinx v0.0.14/go.mod h1:Zz4IqffrLyszONQWqkPPzDJE7E+Uj3Rni2DkK/Hc/ZA=
github.com/lemuzhi/zinx v0.0.15 h1:3CSzY2+Np8I7fRCZ2TjSqwiHd5CA58fTvereTd5ZRoY=
github.com/lemuzhi/zinx v0.0.15/go.mod h1:Zz4IqffrLyszONQWqkPPzDJE7E+Uj3Rni2DkK/Hc/ZA=
github.com/lemuzhi/zinx v0.0.16 h1:mDNwsNjshGO9pB193gx3ONM5kFNdzBzNc4XnJPFyzJg=
github.com/lemuzhi/zinx v0.0.16/go.mod h1:Zz4IqffrLyszONQWqkPPzDJE7E+Uj3Rni2DkK/Hc/ZA=
